
Microsoft Visual Studio Solution File, Format Version 12.00
# Visual Studio Version 17
VisualStudioVersion = 17.10.35013.160
MinimumVisualStudioVersion = 10.0.40219.1
Project("{FAE04EC0-301F-11D3-BF4B-00C04F79EFBC}") = "exercicio10", "exercicio10.csproj", "{CA813F0A-A7AE-4069-8D80-8F73AF50F737}"
EndProject
Global
	GlobalSection(SolutionConfigurationPlatforms) = preSolution
		Debug|Any CPU = Debug|Any CPU
		Release|Any CPU = Release|Any CPU
	EndGlobalSection
	GlobalSection(ProjectConfigurationPlatforms) = postSolution
		{CA813F0A-A7AE-4069-8D80-8F73AF50F737}.Debug|Any CPU.ActiveCfg = Debug|Any CPU
		{CA813F0A-A7AE-4069-8D80-8F73AF50F737}.Debug|Any CPU.Build.0 = Debug|Any CPU
		{CA813F0A-A7AE-4069-8D80-8F73AF50F737}.Release|Any CPU.ActiveCfg = Release|Any CPU
		{CA813F0A-A7AE-4069-8D80-8F73AF50F737}.Release|Any CPU.Build.0 = Release|Any CPU
	EndGlobalSection
	GlobalSection(SolutionProperties) = preSolution
		HideSolutionNode = FALSE
	EndGlobalSection
	GlobalSection(ExtensibilityGlobals) = postSolution
		SolutionGuid = {70C9F788-DBF9-452D-B396-285D93991D09}
	EndGlobalSection
EndGlobal
